Microsoft Visual Studio Solution File, Format Version 12.00
# Visual Studio Version 17
VisualStudioVersion = 17.5.2.0
MinimumVisualStudioVersion = 10.0.40219.1
Project("{2150E333-8FDC-42A3-9474-1A3956D46DE8}") = "01-docker", "01-docker", "{E47EE95C-4C4F-648E-7480-4CC04495A4C3}"
EndProject
Project("{FAE04EC0-301F-11D3-BF4B-00C04F79EFBC}") = "backend", "01-docker\backend\backend.csproj", "{D4BA391C-FDDF-785C-4B26-EE07D4AE3329}"
EndProject
Global
	GlobalSection(SolutionConfigurationPlatforms) = preSolution
		Debug|Any CPU = Debug|Any CPU
		Release|Any CPU = Release|Any CPU
	EndGlobalSection
	GlobalSection(ProjectConfigurationPlatforms) = postSolution
		{D4BA391C-FDDF-785C-4B26-EE07D4AE3329}.Debug|Any CPU.ActiveCfg = Debug|Any CPU
		{D4BA391C-FDDF-785C-4B26-EE07D4AE3329}.Debug|Any CPU.Build.0 = Debug|Any CPU
		{D4BA391C-FDDF-785C-4B26-EE07D4AE3329}.Release|Any CPU.ActiveCfg = Release|Any CPU
		{D4BA391C-FDDF-785C-4B26-EE07D4AE3329}.Release|Any CPU.Build.0 = Release|Any CPU
	EndGlobalSection
	GlobalSection(SolutionProperties) = preSolution
		HideSolutionNode = FALSE
	EndGlobalSection
	GlobalSection(NestedProjects) = preSolution
		{D4BA391C-FDDF-785C-4B26-EE07D4AE3329} = {E47EE95C-4C4F-648E-7480-4CC04495A4C3}
	EndGlobalSection
	GlobalSection(ExtensibilityGlobals) = postSolution
		SolutionGuid = {1C10CF63-B829-402D-B429-000BB5BE4F8B}
	EndGlobalSection
EndGlobal
